
Microsoft Visual Studio Solution File, Format Version 12.00
# Visual Studio Version 16
VisualStudioVersion = 25.0.1703.0
MinimumVisualStudioVersion = 10.0.40219.1
Project("{FAE04EC0-301F-11D3-BF4B-00C04F79EFBC}") = "WizardWorld", "WizardWorld\WizardWorld.csproj", "{B059199A-9749-4AF9-9F35-BA73D6F33E5B}"
EndProject
Global
	GlobalSection(SolutionConfigurationPlatforms) = preSolution
		Debug|Any CPU = Debug|Any CPU
		Release|Any CPU = Release|Any CPU
	EndGlobalSection
	GlobalSection(ProjectConfigurationPlatforms) = postSolution
		{B059199A-9749-4AF9-9F35-BA73D6F33E5B}.Debug|Any CPU.ActiveCfg = Debug|Any CPU
		{B059199A-9749-4AF9-9F35-BA73D6F33E5B}.Debug|Any CPU.Build.0 = Debug|Any CPU
		{B059199A-9749-4AF9-9F35-BA73D6F33E5B}.Release|Any CPU.ActiveCfg = Release|Any CPU
		{B059199A-9749-4AF9-9F35-BA73D6F33E5B}.Release|Any CPU.Build.0 = Release|Any CPU
	EndGlobalSection
	GlobalSection(SolutionProperties) = preSolution
		HideSolutionNode = FALSE
	EndGlobalSection
	GlobalSection(ExtensibilityGlobals) = postSolution
		SolutionGuid = {A33FA670-8805-4938-A275-653BBC4152B7}
	EndGlobalSection
EndGlobal
